// !$*UTF8*$!
{
	archiveVersion = 1;
	classes = {
	};
	objectVersion = 46;
	objects = {

/* Begin PBXBuildFile section */
		DB6BE23F1E681E930082F7ED /* AppDelegate.swift in Sources */ = {isa = PBXBuildFile; fileRef = DB6BE23E1E681E930082F7ED /* AppDelegate.swift */; };
		DB6BE2411E681E930082F7ED /* ViewController.swift in Sources */ = {isa = PBXBuildFile; fileRef = DB6BE2401E681E930082F7ED /* ViewController.swift */; };
		DB6BE2431E681E930082F7ED /* Assets.xcassets in Resources */ = {isa = PBXBuildFile; fileRef = DB6BE2421E681E930082F7ED /* Assets.xcassets */; };
		DB6BE2461E681E930082F7ED /* Main.storyboard in Resources */ = {isa = PBXBuildFile; fileRef = DB6BE2441E681E930082F7ED /* Main.storyboard */; };
		DB6BE2511E681EE10082F7ED /* Config.swift in Sources */ = {isa = PBXBuildFile; fileRef = DB6BE24D1E681EE10082F7ED /* Config.swift */; };
		DB6BE2521E681EE10082F7ED /* Lunch.swift in Sources */ = {isa = PBXBuildFile; fileRef = DB6BE24E1E681EE10082F7ED /* Lunch.swift */; };
		DB6BE2531E681EE10082F7ED /* LunchTableCellView.swift in Sources */ = {isa = PBXBuildFile; fileRef = DB6BE24F1E681EE10082F7ED /* LunchTableCellView.swift */; };
		DB6BE2541E681EE10082F7ED /* Request.swift in Sources */ = {isa = PBXBuildFile; fileRef = DB6BE2501E681EE10082F7ED /* Request.swift */; };
		DB6BE2561E681F6D0082F7ED /* Config.bundle in Resources */ = {isa = PBXBuildFile; fileRef = DB6BE2551E681F6D0082F7ED /* Config.bundle */; };
/* End PBXBuildFile section */

/* Begin PBXFileReference section */
		DB1549E11E6EBE5F0058EC43 /* Studentenfutter.entitlements */ = {isa = PBXFileReference; lastKnownFileType = text.plist.entitlements; path = Studentenfutter.entitlements; sourceTree = "<group>"; };
		DB6BE23B1E681E930082F7ED /* Studentenfutter.app */ = {isa = PBXFileReference; explicitFileType = wrapper.application; includeInIndex = 0; path = Studentenfutter.app; sourceTree = BUILT_PRODUCTS_DIR; };
		DB6BE23E1E681E930082F7ED /* AppDelegate.swift */ = {isa = PBXFileReference; lastKnownFileType = sourcecode.swift; path = AppDelegate.swift; sourceTree = "<group>"; };
		DB6BE2401E681E930082F7ED /* ViewController.swift */ = {isa = PBXFileReference; lastKnownFileType = sourcecode.swift; path = ViewController.swift; sourceTree = "<group>"; };
		DB6BE2421E681E930082F7ED /* Assets.xcassets */ = {isa = PBXFileReference; lastKnownFileType = folder.assetcatalog; path = Assets.xcassets; sourceTree = "<group>"; };
		DB6BE2451E681E930082F7ED /* Base */ = {isa = PBXFileReference; lastKnownFileType = file.storyboard; name = Base; path = Base.lproj/Main.storyboard; sourceTree = "<group>"; };
		DB6BE2471E681E930082F7ED /* Info.plist */ = {isa = PBXFileReference; lastKnownFileType = text.plist.xml; path = Info.plist; sourceTree = "<group>"; };
		DB6BE24D1E681EE10082F7ED /* Config.swift */ = {isa = PBXFileReference; fileEncoding = 4; lastKnownFileType = sourcecode.swift; path = Config.swift; sourceTree = "<group>"; };
		DB6BE24E1E681EE10082F7ED /* Lunch.swift */ = {isa = PBXFileReference; fileEncoding = 4; lastKnownFileType = sourcecode.swift; path = Lunch.swift; sourceTree = "<group>"; };
		DB6BE24F1E681EE10082F7ED /* LunchTableCellView.swift */ = {isa = PBXFileReference; fileEncoding = 4; lastKnownFileType = sourcecode.swift; path = LunchTableCellView.swift; sourceTree = "<group>"; };
		DB6BE2501E681EE10082F7ED /* Request.swift */ = {isa = PBXFileReference; fileEncoding = 4; lastKnownFileType = sourcecode.swift; path = Request.swift; sourceTree = "<group>"; };
		DB6BE2551E681F6D0082F7ED /* Config.bundle */ = {isa = PBXFileReference; lastKnownFileType = "wrapper.plug-in"; path = Config.bundle; sourceTree = "<group>"; };
/* End PBXFileReference section */

/* Begin PBXFrameworksBuildPhase section */
		DB6BE2381E681E930082F7ED /* Frameworks */ = {
			isa = PBXFrameworksBuildPhase;
			buildActionMask = 2147483647;
			files = (
			);
			runOnlyForDeploymentPostprocessing = 0;
		};
/* End PBXFrameworksBuildPhase section */

/* Begin PBXGroup section */
		DB6BE2321E681E930082F7ED = {
			isa = PBXGroup;
			children = (
				DB6BE23D1E681E930082F7ED /* Studentenfutter */,
				DB6BE23C1E681E930082F7ED /* Products */,
			);
			sourceTree = "<group>";
		};
		DB6BE23C1E681E930082F7ED /* Products */ = {
			isa = PBXGroup;
			children = (
				DB6BE23B1E681E930082F7ED /* Studentenfutter.app */,
			);
			name = Products;
			sourceTree = "<group>";
		};
		DB6BE23D1E681E930082F7ED /* Studentenfutter */ = {
			isa = PBXGroup;
			children = (
				DB1549E11E6EBE5F0058EC43 /* Studentenfutter.entitlements */,
				DB6BE23E1E681E930082F7ED /* AppDelegate.swift */,
				DB6BE2401E681E930082F7ED /* ViewController.swift */,
				DB6BE24D1E681EE10082F7ED /* Config.swift */,
				DB6BE24E1E681EE10082F7ED /* Lunch.swift */,
				DB6BE24F1E681EE10082F7ED /* LunchTableCellView.swift */,
				DB6BE2501E681EE10082F7ED /* Request.swift */,
				DB6BE2421E681E930082F7ED /* Assets.xcassets */,
				DB6BE2551E681F6D0082F7ED /* Config.bundle */,
				DB6BE2441E681E930082F7ED /* Main.storyboard */,
				DB6BE2471E681E930082F7ED /* Info.plist */,
			);
			path = Studentenfutter;
			sourceTree = "<group>";
		};
/* End PBXGroup section */

/* Begin PBXNativeTarget section */
		DB6BE23A1E681E930082F7ED /* Studentenfutter */ = {
			isa = PBXNativeTarget;
			buildConfigurationList = DB6BE24A1E681E930082F7ED /* Build configuration list for PBXNativeTarget "Studentenfutter" */;
			buildPhases = (
				DB6BE2371E681E930082F7ED /* Sources */,
				DB6BE2381E681E930082F7ED /* Frameworks */,
				DB6BE2391E681E930082F7ED /* Resources */,
			);
			buildRules = (
			);
			dependencies = (
			);
			name = Studentenfutter;
			productName = Studentenfutter;
			productReference = DB6BE23B1E681E930082F7ED /* Studentenfutter.app */;
			productType = "com.apple.product-type.application";
		};
/* End PBXNativeTarget section */

/* Begin PBXProject section */
		DB6BE2331E681E930082F7ED /* Project object */ = {
			isa = PBXProject;
			attributes = {
				LastSwiftUpdateCheck = 0820;
				LastUpgradeCheck = 0820;
				ORGANIZATIONNAME = "Hans Knoechel";
				TargetAttributes = {
					DB6BE23A1E681E930082F7ED = {
						CreatedOnToolsVersion = 8.2.1;
						ProvisioningStyle = Manual;
						SystemCapabilities = {
							com.apple.Sandbox = {
								enabled = 1;
							};
						};
					};
				};
			};
			buildConfigurationList = DB6BE2361E681E930082F7ED /* Build configuration list for PBXProject "Studentenfutter" */;
			compatibilityVersion = "Xcode 3.2";
			developmentRegion = English;
			hasScannedForEncodings = 0;
			knownRegions = (
				en,
				Base,
			);
			mainGroup = DB6BE2321E681E930082F7ED;
			productRefGroup = DB6BE23C1E681E930082F7ED /* Products */;
			projectDirPath = "";
			projectRoot = "";
			targets = (
				DB6BE23A1E681E930082F7ED /* Studentenfutter */,
			);
		};
/* End PBXProject section */

/* Begin PBXResourcesBuildPhase section */
		DB6BE2391E681E930082F7ED /* Resources */ = {
			isa = PBXResourcesBuildPhase;
			buildActionMask = 2147483647;
			files = (
				DB6BE2431E681E930082F7ED /* Assets.xcassets in Resources */,
				DB6BE2461E681E930082F7ED /* Main.storyboard in Resources */,
				DB6BE2561E681F6D0082F7ED /* Config.bundle in Resources */,
			);
			runOnlyForDeploymentPostprocessing = 0;
		};
/* End PBXResourcesBuildPhase section */

/* Begin PBXSourcesBuildPhase section */
		DB6BE2371E681E930082F7ED /* Sources */ = {
			isa = PBXSourcesBuildPhase;
			buildActionMask = 2147483647;
			files = (
				DB6BE2521E681EE10082F7ED /* Lunch.swift in Sources */,
				DB6BE2541E681EE10082F7ED /* Request.swift in Sources */,
				DB6BE2411E681E930082F7ED /* ViewController.swift in Sources */,
				DB6BE2531E681EE10082F7ED /* LunchTableCellView.swift in Sources */,
				DB6BE23F1E681E930082F7ED /* AppDelegate.swift in Sources */,
				DB6BE2511E681EE10082F7ED /* Config.swift in Sources */,
			);
			runOnlyForDeploymentPostprocessing = 0;
		};
/* End PBXSourcesBuildPhase section */

/* Begin PBXVariantGroup section */
		DB6BE2441E681E930082F7ED /* Main.storyboard */ = {
			isa = PBXVariantGroup;
			children = (
				DB6BE2451E681E930082F7ED /* Base */,
			);
			name = Main.storyboard;
			sourceTree = "<group>";
		};
/* End PBXVariantGroup section */

/* Begin XCBuildConfiguration section */
		DB6BE2481E681E930082F7ED /* Debug */ = {
			isa = XCBuildConfiguration;
			buildSettings = {
				ALWAYS_SEARCH_USER_PATHS = NO;
				CLANG_ANALYZER_NONNULL = YES;
				CLANG_CXX_LANGUAGE_STANDARD = "gnu++0x";
				CLANG_CXX_LIBRARY = "libc++";
				CLANG_ENABLE_MODULES = YES;
				CLANG_ENABLE_OBJC_ARC = YES;
				CLANG_WARN_BOOL_CONVERSION = YES;
				CLANG_WARN_CONSTANT_CONVERSION = YES;
				CLANG_WARN_DIRECT_OBJC_ISA_USAGE = YES_ERROR;
				CLANG_WARN_DOCUMENTATION_COMMENTS = YES;
				CLANG_WARN_EMPTY_BODY = YES;
				CLANG_WARN_ENUM_CONVERSION = YES;
				CLANG_WARN_INFINITE_RECURSION = YES;
				CLANG_WARN_INT_CONVERSION = YES;
				CLANG_WARN_OBJC_ROOT_CLASS = YES_ERROR;
				CLANG_WARN_SUSPICIOUS_MOVE = YES;
				CLANG_WARN_UNREACHABLE_CODE = YES;
				CLANG_WARN__DUPLICATE_METHOD_MATCH = YES;
				CODE_SIGN_IDENTITY = "-";
				COPY_PHASE_STRIP = NO;
				DEBUG_INFORMATION_FORMAT = dwarf;
				ENABLE_STRICT_OBJC_MSGSEND = YES;
				ENABLE_TESTABILITY = YES;
				GCC_C_LANGUAGE_STANDARD = gnu99;
				GCC_DYNAMIC_NO_PIC = NO;
				GCC_NO_COMMON_BLOCKS = YES;
				GCC_OPTIMIZATION_LEVEL = 0;
				GCC_PREPROCESSOR_DEFINITIONS = (
					"DEBUG=1",
					"$(inherited)",
				);
				GCC_WARN_64_TO_32_BIT_CONVERSION = YES;
				GCC_WARN_ABOUT_RETURN_TYPE = YES_ERROR;
				GCC_WARN_UNDECLARED_SELECTOR = YES;
				GCC_WARN_UNINITIALIZED_AUTOS = YES_AGGRESSIVE;
				GCC_WARN_UNUSED_FUNCTION = YES;
				GCC_WARN_UNUSED_VARIABLE = YES;
				MACOSX_DEPLOYMENT_TARGET = 10.12;
				MTL_ENABLE_DEBUG_INFO = YES;
				ONLY_ACTIVE_ARCH = YES;
				SDKROOT = macosx;
				SWIFT_ACTIVE_COMPILATION_CONDITIONS = DEBUG;
				SWIFT_OPTIMIZATION_LEVEL = "-Onone";
			};
			name = Debug;
		};
		DB6BE2491E681E930082F7ED /* Release */ = {
			isa = XCBuildConfiguration;
			buildSettings = {
				ALWAYS_SEARCH_USER_PATHS = NO;
				CLANG_ANALYZER_NONNULL = YES;
				CLANG_CXX_LANGUAGE_STANDARD = "gnu++0x";
				CLANG_CXX_LIBRARY = "libc++";
				CLANG_ENABLE_MODULES = YES;
				CLANG_ENABLE_OBJC_ARC = YES;
				CLANG_WARN_BOOL_CONVERSION = YES;
				CLANG_WARN_CONSTANT_CONVERSION = YES;
				CLANG_WARN_DIRECT_OBJC_ISA_USAGE = YES_ERROR;
				CLANG_WARN_DOCUMENTATION_COMMENTS = YES;
				CLANG_WARN_EMPTY_BODY = YES;
				CLANG_WARN_ENUM_CONVERSION = YES;
				CLANG_WARN_INFINITE_RECURSION = YES;
				CLANG_WARN_INT_CONVERSION = YES;
				CLANG_WARN_OBJC_ROOT_CLASS = YES_ERROR;
				CLANG_WARN_SUSPICIOUS_MOVE = YES;
				CLANG_WARN_UNREACHABLE_CODE = YES;
				CLANG_WARN__DUPLICATE_METHOD_MATCH = YES;
				CODE_SIGN_IDENTITY = "-";
				COPY_PHASE_STRIP = NO;
				DEBUG_INFORMATION_FORMAT = "dwarf-with-dsym";
				ENABLE_NS_ASSERTIONS = NO;
				ENABLE_STRICT_OBJC_MSGSEND = YES;
				GCC_C_LANGUAGE_STANDARD = gnu99;
				GCC_NO_COMMON_BLOCKS = YES;
				GCC_WARN_64_TO_32_BIT_CONVERSION = YES;
				GCC_WARN_ABOUT_RETURN_TYPE = YES_ERROR;
				GCC_WARN_UNDECLARED_SELECTOR = YES;
				GCC_WARN_UNINITIALIZED_AUTOS = YES_AGGRESSIVE;
				GCC_WARN_UNUSED_FUNCTION = YES;
				GCC_WARN_UNUSED_VARIABLE = YES;
				MACOSX_DEPLOYMENT_TARGET = 10.12;
				MTL_ENABLE_DEBUG_INFO = NO;
				SDKROOT = macosx;
				SWIFT_OPTIMIZATION_LEVEL = "-Owholemodule";
			};
			name = Release;
		};
		DB6BE24B1E681E930082F7ED /* Debug */ = {
			isa = XCBuildConfiguration;
			buildSettings = {
				ASSETCATALOG_COMPILER_APPICON_NAME = AppIcon;
				CODE_SIGN_ENTITLEMENTS = Studentenfutter/Studentenfutter.entitlements;
				CODE_SIGN_IDENTITY = "Mac Developer";
				COMBINE_HIDPI_IMAGES = YES;
				DEVELOPMENT_TEAM = "";
				INFOPLIST_FILE = Studentenfutter/Info.plist;
				LD_RUNPATH_SEARCH_PATHS = "$(inherited) @executable_path/../Frameworks";
				PRODUCT_BUNDLE_IDENTIFIER = de.hansknoechel.studentenfutter;
				PRODUCT_NAME = "$(TARGET_NAME)";
				SWIFT_VERSION = 3.0;
			};
			name = Debug;
		};
		DB6BE24C1E681E930082F7ED /* Release */ = {
			isa = XCBuildConfiguration;
			buildSettings = {
				ASSETCATALOG_COMPILER_APPICON_NAME = AppIcon;
				CODE_SIGN_ENTITLEMENTS = Studentenfutter/Studentenfutter.entitlements;
				CODE_SIGN_IDENTITY = "3rd Party Mac Developer Application";
				COMBINE_HIDPI_IMAGES = YES;
				DEVELOPMENT_TEAM = "";
				INFOPLIST_FILE = Studentenfutter/Info.plist;
				LD_RUNPATH_SEARCH_PATHS = "$(inherited) @executable_path/../Frameworks";
				PRODUCT_BUNDLE_IDENTIFIER = de.hansknoechel.studentenfutter;
				PRODUCT_NAME = "$(TARGET_NAME)";
				SWIFT_VERSION = 3.0;
			};
			name = Release;
		};
/* End XCBuildConfiguration section */

/* Begin XCConfigurationList section */
		DB6BE2361E681E930082F7ED /* Build configuration list for PBXProject "Studentenfutter" */ = {
			isa = XCConfigurationList;
			buildConfigurations = (
				DB6BE2481E681E930082F7ED /* Debug */,
				DB6BE2491E681E930082F7ED /* Release */,
			);
			defaultConfigurationIsVisible = 0;
			defaultConfigurationName = Release;
		};
		DB6BE24A1E681E930082F7ED /* Build configuration list for PBXNativeTarget "Studentenfutter" */ = {
			isa = XCConfigurationList;
			buildConfigurations = (
				DB6BE24B1E681E930082F7ED /* Debug */,
				DB6BE24C1E681E930082F7ED /* Release */,
			);
			defaultConfigurationIsVisible = 0;
			defaultConfigurationName = Release;
		};
/* End XCConfigurationList section */
	};
	rootObject = DB6BE2331E681E930082F7ED /* Project object */;
}
